
Microsoft Visual Studio Solution File, Format Version 12.00
# Visual Studio Version 17
VisualStudioVersion = 17.1.32421.90
MinimumVisualStudioVersion = 10.0.40219.1
Project("{9A19103F-16F7-4668-BE54-9A1E7A4F7556}") = "RailgraphLib", "RailgraphLib.csproj", "{88FC8230-1EB8-49A7-BB2E-ACF2C5E0C615}"
EndProject
Global
	GlobalSection(SolutionConfigurationPlatforms) = preSolution
		Debug|Any CPU = Debug|Any CPU
		Release|Any CPU = Release|Any CPU
	EndGlobalSection
	GlobalSection(ProjectConfigurationPlatforms) = postSolution
		{88FC8230-1EB8-49A7-BB2E-ACF2C5E0C615}.Debug|Any CPU.ActiveCfg = Debug|Any CPU
		{88FC8230-1EB8-49A7-BB2E-ACF2C5E0C615}.Debug|Any CPU.Build.0 = Debug|Any CPU
		{88FC8230-1EB8-49A7-BB2E-ACF2C5E0C615}.Release|Any CPU.ActiveCfg = Release|Any CPU
		{88FC8230-1EB8-49A7-BB2E-ACF2C5E0C615}.Release|Any CPU.Build.0 = Release|Any CPU
	EndGlobalSection
	GlobalSection(SolutionProperties) = preSolution
		HideSolutionNode = FALSE
	EndGlobalSection
	GlobalSection(ExtensibilityGlobals) = postSolution
		SolutionGuid = {E370374C-3F9A-4BCB-A737-5A92C22599A1}
	EndGlobalSection
EndGlobal
